schema: '2.0'
stages:
  train:
    cmd: python .\src\training\train.py
    deps:
    - path: .\data\telco.csv
      hash: md5
      md5: 0f9de68e012bd3aed5fa7cdc9fc421af
      size: 977501
    - path: .\src\training\train.py
      hash: md5
      md5: 998522d4632157aa72fd303f2f328d13
      size: 1685
    outs:
    - path: .\models\random_forest.pkl
      hash: md5
      md5: 1f6bd17f0d8988364aa074b9f90d3214
      size: 16610889
